// !$*UTF8*$!
{
	archiveVersion = 1;
	classes = {
	};
	objectVersion = 56;
	objects = {

/* Begin PBXBuildFile section */
		5A3DF7FE2C129C8B00E09F78 /* AppDelegate.swift in Sources */ = {isa = PBXBuildFile; fileRef = 5A3DF7FD2C129C8B00E09F78 /* AppDelegate.swift */; };
		5A3DF8002C129C8B00E09F78 /* SceneDelegate.swift in Sources */ = {isa = PBXBuildFile; fileRef = 5A3DF7FF2C129C8B00E09F78 /* SceneDelegate.swift */; };
		5A3DF8032C129C8B00E09F78 /* Base in Resources */ = {isa = PBXBuildFile; fileRef = 5A3DF8022C129C8B00E09F78 /* Base */; };
		5A3DF8062C129C8B00E09F78 /* Base in Resources */ = {isa = PBXBuildFile; fileRef = 5A3DF8052C129C8B00E09F78 /* Base */; };
		5A3DF80F2C129C8B00E09F78 /* AppDelegate.swift in Sources */ = {isa = PBXBuildFile; fileRef = 5A3DF80E2C129C8B00E09F78 /* AppDelegate.swift */; };
		5A3DF8122C129C8B00E09F78 /* Base in Resources */ = {isa = PBXBuildFile; fileRef = 5A3DF8112C129C8B00E09F78 /* Base */; };
		5A3DF8192C129C8B00E09F78 /* BingRewardsExtension Extension.appex in Embed Foundation Extensions */ = {isa = PBXBuildFile; fileRef = 5A3DF8182C129C8B00E09F78 /* BingRewardsExtension Extension.appex */; settings = {ATTRIBUTES = (RemoveHeadersOnCopy, ); }; };
		5A3DF8232C129C8B00E09F78 /* BingRewardsExtension Extension.appex in Embed Foundation Extensions */ = {isa = PBXBuildFile; fileRef = 5A3DF8222C129C8B00E09F78 /* BingRewardsExtension Extension.appex */; settings = {ATTRIBUTES = (RemoveHeadersOnCopy, ); }; };
		5A3DF8292C129C8B00E09F78 /* Base in Resources */ = {isa = PBXBuildFile; fileRef = 5A3DF7E52C129C8900E09F78 /* Base */; };
		5A3DF82A2C129C8B00E09F78 /* Base in Resources */ = {isa = PBXBuildFile; fileRef = 5A3DF7E52C129C8900E09F78 /* Base */; };
		5A3DF82B2C129C8B00E09F78 /* Icon.png in Resources */ = {isa = PBXBuildFile; fileRef = 5A3DF7E62C129C8900E09F78 /* Icon.png */; };
		5A3DF82C2C129C8B00E09F78 /* Icon.png in Resources */ = {isa = PBXBuildFile; fileRef = 5A3DF7E62C129C8900E09F78 /* Icon.png */; };
		5A3DF82D2C129C8B00E09F78 /* Style.css in Resources */ = {isa = PBXBuildFile; fileRef = 5A3DF7E72C129C8900E09F78 /* Style.css */; };
		5A3DF82E2C129C8B00E09F78 /* Style.css in Resources */ = {isa = PBXBuildFile; fileRef = 5A3DF7E72C129C8900E09F78 /* Style.css */; };
		5A3DF82F2C129C8B00E09F78 /* Script.js in Resources */ = {isa = PBXBuildFile; fileRef = 5A3DF7E82C129C8900E09F78 /* Script.js */; };
		5A3DF8302C129C8B00E09F78 /* Script.js in Resources */ = {isa = PBXBuildFile; fileRef = 5A3DF7E82C129C8900E09F78 /* Script.js */; };
		5A3DF8312C129C8B00E09F78 /* ViewController.swift in Sources */ = {isa = PBXBuildFile; fileRef = 5A3DF7E92C129C8900E09F78 /* ViewController.swift */; };
		5A3DF8322C129C8B00E09F78 /* ViewController.swift in Sources */ = {isa = PBXBuildFile; fileRef = 5A3DF7E92C129C8900E09F78 /* ViewController.swift */; };
		5A3DF8332C129C8B00E09F78 /* Assets.xcassets in Resources */ = {isa = PBXBuildFile; fileRef = 5A3DF7EA2C129C8B00E09F78 /* Assets.xcassets */; };
		5A3DF8342C129C8B00E09F78 /* Assets.xcassets in Resources */ = {isa = PBXBuildFile; fileRef = 5A3DF7EA2C129C8B00E09F78 /* Assets.xcassets */; };
		5A3DF8352C129C8B00E09F78 /* SafariWebExtensionHandler.swift in Sources */ = {isa = PBXBuildFile; fileRef = 5A3DF7EC2C129C8B00E09F78 /* SafariWebExtensionHandler.swift */; };
		5A3DF8362C129C8B00E09F78 /* SafariWebExtensionHandler.swift in Sources */ = {isa = PBXBuildFile; fileRef = 5A3DF7EC2C129C8B00E09F78 /* SafariWebExtensionHandler.swift */; };
		5A3DF8372C129C8B00E09F78 /* _locales in Resources */ = {isa = PBXBuildFile; fileRef = 5A3DF7EE2C129C8B00E09F78 /* _locales */; };
		5A3DF8382C129C8B00E09F78 /* _locales in Resources */ = {isa = PBXBuildFile; fileRef = 5A3DF7EE2C129C8B00E09F78 /* _locales */; };
		5A3DF8392C129C8B00E09F78 /* images in Resources */ = {isa = PBXBuildFile; fileRef = 5A3DF7EF2C129C8B00E09F78 /* images */; };
		5A3DF83A2C129C8B00E09F78 /* images in Resources */ = {isa = PBXBuildFile; fileRef = 5A3DF7EF2C129C8B00E09F78 /* images */; };
		5A3DF83B2C129C8B00E09F78 /* manifest.json in Resources */ = {isa = PBXBuildFile; fileRef = 5A3DF7F02C129C8B00E09F78 /* manifest.json */; };
		5A3DF83C2C129C8B00E09F78 /* manifest.json in Resources */ = {isa = PBXBuildFile; fileRef = 5A3DF7F02C129C8B00E09F78 /* manifest.json */; };
		5A3DF83D2C129C8B00E09F78 /* background.js in Resources */ = {isa = PBXBuildFile; fileRef = 5A3DF7F12C129C8B00E09F78 /* background.js */; };
		5A3DF83E2C129C8B00E09F78 /* background.js in Resources */ = {isa = PBXBuildFile; fileRef = 5A3DF7F12C129C8B00E09F78 /* background.js */; };
		5A3DF83F2C129C8B00E09F78 /* content.js in Resources */ = {isa = PBXBuildFile; fileRef = 5A3DF7F22C129C8B00E09F78 /* content.js */; };
		5A3DF8402C129C8B00E09F78 /* content.js in Resources */ = {isa = PBXBuildFile; fileRef = 5A3DF7F22C129C8B00E09F78 /* content.js */; };
		5A3DF8412C129C8B00E09F78 /* popup.html in Resources */ = {isa = PBXBuildFile; fileRef = 5A3DF7F32C129C8B00E09F78 /* popup.html */; };
		5A3DF8422C129C8B00E09F78 /* popup.html in Resources */ = {isa = PBXBuildFile; fileRef = 5A3DF7F32C129C8B00E09F78 /* popup.html */; };
		5A3DF8432C129C8B00E09F78 /* popup.css in Resources */ = {isa = PBXBuildFile; fileRef = 5A3DF7F42C129C8B00E09F78 /* popup.css */; };
		5A3DF8442C129C8B00E09F78 /* popup.css in Resources */ = {isa = PBXBuildFile; fileRef = 5A3DF7F42C129C8B00E09F78 /* popup.css */; };
		5A3DF8452C129C8B00E09F78 /* popup.js in Resources */ = {isa = PBXBuildFile; fileRef = 5A3DF7F52C129C8B00E09F78 /* popup.js */; };
		5A3DF8462C129C8B00E09F78 /* popup.js in Resources */ = {isa = PBXBuildFile; fileRef = 5A3DF7F52C129C8B00E09F78 /* popup.js */; };
/* End PBXBuildFile section */

/* Begin PBXContainerItemProxy section */
		5A3DF81A2C129C8B00E09F78 /* PBXContainerItemProxy */ = {
			isa = PBXContainerItemProxy;
			containerPortal = 5A3DF7DE2C129C8900E09F78 /* Project object */;
			proxyType = 1;
			remoteGlobalIDString = 5A3DF8172C129C8B00E09F78;
			remoteInfo = "BingRewardsExtension Extension (iOS)";
		};
		5A3DF8242C129C8B00E09F78 /* PBXContainerItemProxy */ = {
			isa = PBXContainerItemProxy;
			containerPortal = 5A3DF7DE2C129C8900E09F78 /* Project object */;
			proxyType = 1;
			remoteGlobalIDString = 5A3DF8212C129C8B00E09F78;
			remoteInfo = "BingRewardsExtension Extension (macOS)";
		};
/* End PBXContainerItemProxy section */

/* Begin PBXCopyFilesBuildPhase section */
		5A3DF84C2C129C8B00E09F78 /* Embed Foundation Extensions */ = {
			isa = PBXCopyFilesBuildPhase;
			buildActionMask = 2147483647;
			dstPath = "";
			dstSubfolderSpec = 13;
			files = (
				5A3DF8192C129C8B00E09F78 /* BingRewardsExtension Extension.appex in Embed Foundation Extensions */,
			);
			name = "Embed Foundation Extensions";
			runOnlyForDeploymentPostprocessing = 0;
		};
		5A3DF8532C129C8B00E09F78 /* Embed Foundation Extensions */ = {
			isa = PBXCopyFilesBuildPhase;
			buildActionMask = 2147483647;
			dstPath = "";
			dstSubfolderSpec = 13;
			files = (
				5A3DF8232C129C8B00E09F78 /* BingRewardsExtension Extension.appex in Embed Foundation Extensions */,
			);
			name = "Embed Foundation Extensions";
			runOnlyForDeploymentPostprocessing = 0;
		};
/* End PBXCopyFilesBuildPhase section */

/* Begin PBXFileReference section */
		5A3DF7E52C129C8900E09F78 /* Base */ = {isa = PBXFileReference; lastKnownFileType = text.html; name = Base; path = ../Base.lproj/Main.html; sourceTree = "<group>"; };
		5A3DF7E62C129C8900E09F78 /* Icon.png */ = {isa = PBXFileReference; lastKnownFileType = image.png; path = Icon.png; sourceTree = "<group>"; };
		5A3DF7E72C129C8900E09F78 /* Style.css */ = {isa = PBXFileReference; lastKnownFileType = text.css; path = Style.css; sourceTree = "<group>"; };
		5A3DF7E82C129C8900E09F78 /* Script.js */ = {isa = PBXFileReference; lastKnownFileType = sourcecode.javascript; path = Script.js; sourceTree = "<group>"; };
		5A3DF7E92C129C8900E09F78 /* ViewController.swift */ = {isa = PBXFileReference; lastKnownFileType = sourcecode.swift; path = ViewController.swift; sourceTree = "<group>"; };
		5A3DF7EA2C129C8B00E09F78 /* Assets.xcassets */ = {isa = PBXFileReference; lastKnownFileType = folder.assetcatalog; path = Assets.xcassets; sourceTree = "<group>"; };
		5A3DF7EC2C129C8B00E09F78 /* SafariWebExtensionHandler.swift */ = {isa = PBXFileReference; lastKnownFileType = sourcecode.swift; path = SafariWebExtensionHandler.swift; sourceTree = "<group>"; };
		5A3DF7EE2C129C8B00E09F78 /* _locales */ = {isa = PBXFileReference; lastKnownFileType = folder; path = _locales; sourceTree = "<group>"; };
		5A3DF7EF2C129C8B00E09F78 /* images */ = {isa = PBXFileReference; lastKnownFileType = folder; path = images; sourceTree = "<group>"; };
		5A3DF7F02C129C8B00E09F78 /* manifest.json */ = {isa = PBXFileReference; lastKnownFileType = text.json; path = manifest.json; sourceTree = "<group>"; };
		5A3DF7F12C129C8B00E09F78 /* background.js */ = {isa = PBXFileReference; lastKnownFileType = sourcecode.javascript; path = background.js; sourceTree = "<group>"; };
		5A3DF7F22C129C8B00E09F78 /* content.js */ = {isa = PBXFileReference; lastKnownFileType = sourcecode.javascript; path = content.js; sourceTree = "<group>"; };
		5A3DF7F32C129C8B00E09F78 /* popup.html */ = {isa = PBXFileReference; lastKnownFileType = text.html; path = popup.html; sourceTree = "<group>"; };
		5A3DF7F42C129C8B00E09F78 /* popup.css */ = {isa = PBXFileReference; lastKnownFileType = text.css; path = popup.css; sourceTree = "<group>"; };
		5A3DF7F52C129C8B00E09F78 /* popup.js */ = {isa = PBXFileReference; lastKnownFileType = sourcecode.javascript; path = popup.js; sourceTree = "<group>"; };
		5A3DF7FA2C129C8B00E09F78 /* BingRewardsExtension.app */ = {isa = PBXFileReference; explicitFileType = wrapper.application; includeInIndex = 0; path = BingRewardsExtension.app; sourceTree = BUILT_PRODUCTS_DIR; };
		5A3DF7FD2C129C8B00E09F78 /* AppDelegate.swift */ = {isa = PBXFileReference; lastKnownFileType = sourcecode.swift; path = AppDelegate.swift; sourceTree = "<group>"; };
		5A3DF7FF2C129C8B00E09F78 /* SceneDelegate.swift */ = {isa = PBXFileReference; lastKnownFileType = sourcecode.swift; path = SceneDelegate.swift; sourceTree = "<group>"; };
		5A3DF8022C129C8B00E09F78 /* Base */ = {isa = PBXFileReference; lastKnownFileType = file.storyboard; name = Base; path = Base.lproj/LaunchScreen.storyboard; sourceTree = "<group>"; };
		5A3DF8052C129C8B00E09F78 /* Base */ = {isa = PBXFileReference; lastKnownFileType = file.storyboard; name = Base; path = Base.lproj/Main.storyboard; sourceTree = "<group>"; };
		5A3DF8072C129C8B00E09F78 /* Info.plist */ = {isa = PBXFileReference; lastKnownFileType = text.plist.xml; path = Info.plist; sourceTree = "<group>"; };
		5A3DF80C2C129C8B00E09F78 /* BingRewardsExtension.app */ = {isa = PBXFileReference; explicitFileType = wrapper.application; includeInIndex = 0; path = BingRewardsExtension.app; sourceTree = BUILT_PRODUCTS_DIR; };
		5A3DF80E2C129C8B00E09F78 /* AppDelegate.swift */ = {isa = PBXFileReference; lastKnownFileType = sourcecode.swift; path = AppDelegate.swift; sourceTree = "<group>"; };
		5A3DF8112C129C8B00E09F78 /* Base */ = {isa = PBXFileReference; lastKnownFileType = file.storyboard; name = Base; path = Base.lproj/Main.storyboard; sourceTree = "<group>"; };
		5A3DF8132C129C8B00E09F78 /* BingRewardsExtension.entitlements */ = {isa = PBXFileReference; lastKnownFileType = text.plist.entitlements; path = BingRewardsExtension.entitlements; sourceTree = "<group>"; };
		5A3DF8182C129C8B00E09F78 /* BingRewardsExtension Extension.appex */ = {isa = PBXFileReference; explicitFileType = "wrapper.app-extension"; includeInIndex = 0; path = "BingRewardsExtension Extension.appex"; sourceTree = BUILT_PRODUCTS_DIR; };
		5A3DF81D2C129C8B00E09F78 /* Info.plist */ = {isa = PBXFileReference; lastKnownFileType = text.plist.xml; path = Info.plist; sourceTree = "<group>"; };
		5A3DF8222C129C8B00E09F78 /* BingRewardsExtension Extension.appex */ = {isa = PBXFileReference; explicitFileType = "wrapper.app-extension"; includeInIndex = 0; path = "BingRewardsExtension Extension.appex"; sourceTree = BUILT_PRODUCTS_DIR; };
		5A3DF8272C129C8B00E09F78 /* Info.plist */ = {isa = PBXFileReference; lastKnownFileType = text.plist.xml; path = Info.plist; sourceTree = "<group>"; };
		5A3DF8282C129C8B00E09F78 /* BingRewardsExtension.entitlements */ = {isa = PBXFileReference; lastKnownFileType = text.plist.entitlements; path = BingRewardsExtension.entitlements; sourceTree = "<group>"; };
/* End PBXFileReference section */

/* Begin PBXFrameworksBuildPhase section */
		5A3DF7F72C129C8B00E09F78 /* Frameworks */ = {
			isa = PBXFrameworksBuildPhase;
			buildActionMask = 2147483647;
			files = (
			);
			runOnlyForDeploymentPostprocessing = 0;
		};
		5A3DF8092C129C8B00E09F78 /* Frameworks */ = {
			isa = PBXFrameworksBuildPhase;
			buildActionMask = 2147483647;
			files = (
			);
			runOnlyForDeploymentPostprocessing = 0;
		};
		5A3DF8152C129C8B00E09F78 /* Frameworks */ = {
			isa = PBXFrameworksBuildPhase;
			buildActionMask = 2147483647;
			files = (
			);
			runOnlyForDeploymentPostprocessing = 0;
		};
		5A3DF81F2C129C8B00E09F78 /* Frameworks */ = {
			isa = PBXFrameworksBuildPhase;
			buildActionMask = 2147483647;
			files = (
			);
			runOnlyForDeploymentPostprocessing = 0;
		};
/* End PBXFrameworksBuildPhase section */

/* Begin PBXGroup section */
		5A3DF7DD2C129C8900E09F78 = {
			isa = PBXGroup;
			children = (
				5A3DF7E22C129C8900E09F78 /* Shared (App) */,
				5A3DF7EB2C129C8B00E09F78 /* Shared (Extension) */,
				5A3DF7FC2C129C8B00E09F78 /* iOS (App) */,
				5A3DF80D2C129C8B00E09F78 /* macOS (App) */,
				5A3DF81C2C129C8B00E09F78 /* iOS (Extension) */,
				5A3DF8262C129C8B00E09F78 /* macOS (Extension) */,
				5A3DF7FB2C129C8B00E09F78 /* Products */,
			);
			sourceTree = "<group>";
		};
		5A3DF7E22C129C8900E09F78 /* Shared (App) */ = {
			isa = PBXGroup;
			children = (
				5A3DF7E92C129C8900E09F78 /* ViewController.swift */,
				5A3DF7EA2C129C8B00E09F78 /* Assets.xcassets */,
				5A3DF7E32C129C8900E09F78 /* Resources */,
			);
			path = "Shared (App)";
			sourceTree = "<group>";
		};
		5A3DF7E32C129C8900E09F78 /* Resources */ = {
			isa = PBXGroup;
			children = (
				5A3DF7E42C129C8900E09F78 /* Main.html */,
				5A3DF7E62C129C8900E09F78 /* Icon.png */,
				5A3DF7E72C129C8900E09F78 /* Style.css */,
				5A3DF7E82C129C8900E09F78 /* Script.js */,
			);
			path = Resources;
			sourceTree = "<group>";
		};
		5A3DF7EB2C129C8B00E09F78 /* Shared (Extension) */ = {
			isa = PBXGroup;
			children = (
				5A3DF7EC2C129C8B00E09F78 /* SafariWebExtensionHandler.swift */,
				5A3DF7ED2C129C8B00E09F78 /* Resources */,
			);
			path = "Shared (Extension)";
			sourceTree = "<group>";
		};
		5A3DF7ED2C129C8B00E09F78 /* Resources */ = {
			isa = PBXGroup;
			children = (
				5A3DF7EE2C129C8B00E09F78 /* _locales */,
				5A3DF7EF2C129C8B00E09F78 /* images */,
				5A3DF7F02C129C8B00E09F78 /* manifest.json */,
				5A3DF7F12C129C8B00E09F78 /* background.js */,
				5A3DF7F22C129C8B00E09F78 /* content.js */,
				5A3DF7F32C129C8B00E09F78 /* popup.html */,
				5A3DF7F42C129C8B00E09F78 /* popup.css */,
				5A3DF7F52C129C8B00E09F78 /* popup.js */,
			);
			path = Resources;
			sourceTree = "<group>";
		};
		5A3DF7FB2C129C8B00E09F78 /* Products */ = {
			isa = PBXGroup;
			children = (
				5A3DF7FA2C129C8B00E09F78 /* BingRewardsExtension.app */,
				5A3DF80C2C129C8B00E09F78 /* BingRewardsExtension.app */,
				5A3DF8182C129C8B00E09F78 /* BingRewardsExtension Extension.appex */,
				5A3DF8222C129C8B00E09F78 /* BingRewardsExtension Extension.appex */,
			);
			name = Products;
			sourceTree = "<group>";
		};
		5A3DF7FC2C129C8B00E09F78 /* iOS (App) */ = {
			isa = PBXGroup;
			children = (
				5A3DF7FD2C129C8B00E09F78 /* AppDelegate.swift */,
				5A3DF7FF2C129C8B00E09F78 /* SceneDelegate.swift */,
				5A3DF8012C129C8B00E09F78 /* LaunchScreen.storyboard */,
				5A3DF8042C129C8B00E09F78 /* Main.storyboard */,
				5A3DF8072C129C8B00E09F78 /* Info.plist */,
			);
			path = "iOS (App)";
			sourceTree = "<group>";
		};
		5A3DF80D2C129C8B00E09F78 /* macOS (App) */ = {
			isa = PBXGroup;
			children = (
				5A3DF80E2C129C8B00E09F78 /* AppDelegate.swift */,
				5A3DF8102C129C8B00E09F78 /* Main.storyboard */,
				5A3DF8132C129C8B00E09F78 /* BingRewardsExtension.entitlements */,
			);
			path = "macOS (App)";
			sourceTree = "<group>";
		};
		5A3DF81C2C129C8B00E09F78 /* iOS (Extension) */ = {
			isa = PBXGroup;
			children = (
				5A3DF81D2C129C8B00E09F78 /* Info.plist */,
			);
			path = "iOS (Extension)";
			sourceTree = "<group>";
		};
		5A3DF8262C129C8B00E09F78 /* macOS (Extension) */ = {
			isa = PBXGroup;
			children = (
				5A3DF8272C129C8B00E09F78 /* Info.plist */,
				5A3DF8282C129C8B00E09F78 /* BingRewardsExtension.entitlements */,
			);
			path = "macOS (Extension)";
			sourceTree = "<group>";
		};
/* End PBXGroup section */

/* Begin PBXNativeTarget section */
		5A3DF7F92C129C8B00E09F78 /* BingRewardsExtension (iOS) */ = {
			isa = PBXNativeTarget;
			buildConfigurationList = 5A3DF84D2C129C8B00E09F78 /* Build configuration list for PBXNativeTarget "BingRewardsExtension (iOS)" */;
			buildPhases = (
				5A3DF7F62C129C8B00E09F78 /* Sources */,
				5A3DF7F72C129C8B00E09F78 /* Frameworks */,
				5A3DF7F82C129C8B00E09F78 /* Resources */,
				5A3DF84C2C129C8B00E09F78 /* Embed Foundation Extensions */,
			);
			buildRules = (
			);
			dependencies = (
				5A3DF81B2C129C8B00E09F78 /* PBXTargetDependency */,
			);
			name = "BingRewardsExtension (iOS)";
			productName = "BingRewardsExtension (iOS)";
			productReference = 5A3DF7FA2C129C8B00E09F78 /* BingRewardsExtension.app */;
			productType = "com.apple.product-type.application";
		};
		5A3DF80B2C129C8B00E09F78 /* BingRewardsExtension (macOS) */ = {
			isa = PBXNativeTarget;
			buildConfigurationList = 5A3DF8542C129C8B00E09F78 /* Build configuration list for PBXNativeTarget "BingRewardsExtension (macOS)" */;
			buildPhases = (
				5A3DF8082C129C8B00E09F78 /* Sources */,
				5A3DF8092C129C8B00E09F78 /* Frameworks */,
				5A3DF80A2C129C8B00E09F78 /* Resources */,
				5A3DF8532C129C8B00E09F78 /* Embed Foundation Extensions */,
			);
			buildRules = (
			);
			dependencies = (
				5A3DF8252C129C8B00E09F78 /* PBXTargetDependency */,
			);
			name = "BingRewardsExtension (macOS)";
			productName = "BingRewardsExtension (macOS)";
			productReference = 5A3DF80C2C129C8B00E09F78 /* BingRewardsExtension.app */;
			productType = "com.apple.product-type.application";
		};
		5A3DF8172C129C8B00E09F78 /* BingRewardsExtension Extension (iOS) */ = {
			isa = PBXNativeTarget;
			buildConfigurationList = 5A3DF8492C129C8B00E09F78 /* Build configuration list for PBXNativeTarget "BingRewardsExtension Extension (iOS)" */;
			buildPhases = (
				5A3DF8142C129C8B00E09F78 /* Sources */,
				5A3DF8152C129C8B00E09F78 /* Frameworks */,
				5A3DF8162C129C8B00E09F78 /* Resources */,
			);
			buildRules = (
			);
			dependencies = (
			);
			name = "BingRewardsExtension Extension (iOS)";
			productName = "BingRewardsExtension Extension (iOS)";
			productReference = 5A3DF8182C129C8B00E09F78 /* BingRewardsExtension Extension.appex */;
			productType = "com.apple.product-type.app-extension";
		};
		5A3DF8212C129C8B00E09F78 /* BingRewardsExtension Extension (macOS) */ = {
			isa = PBXNativeTarget;
			buildConfigurationList = 5A3DF8502C129C8B00E09F78 /* Build configuration list for PBXNativeTarget "BingRewardsExtension Extension (macOS)" */;
			buildPhases = (
				5A3DF81E2C129C8B00E09F78 /* Sources */,
				5A3DF81F2C129C8B00E09F78 /* Frameworks */,
				5A3DF8202C129C8B00E09F78 /* Resources */,
			);
			buildRules = (
			);
			dependencies = (
			);
			name = "BingRewardsExtension Extension (macOS)";
			productName = "BingRewardsExtension Extension (macOS)";
			productReference = 5A3DF8222C129C8B00E09F78 /* BingRewardsExtension Extension.appex */;
			productType = "com.apple.product-type.app-extension";
		};
/* End PBXNativeTarget section */

/* Begin PBXProject section */
		5A3DF7DE2C129C8900E09F78 /* Project object */ = {
			isa = PBXProject;
			attributes = {
				BuildIndependentTargetsInParallel = 1;
				LastSwiftUpdateCheck = 1530;
				LastUpgradeCheck = 1530;
				TargetAttributes = {
					5A3DF7F92C129C8B00E09F78 = {
						CreatedOnToolsVersion = 15.3;
					};
					5A3DF80B2C129C8B00E09F78 = {
						CreatedOnToolsVersion = 15.3;
					};
					5A3DF8172C129C8B00E09F78 = {
						CreatedOnToolsVersion = 15.3;
					};
					5A3DF8212C129C8B00E09F78 = {
						CreatedOnToolsVersion = 15.3;
					};
				};
			};
			buildConfigurationList = 5A3DF7E12C129C8900E09F78 /* Build configuration list for PBXProject "BingRewardsExtension" */;
			compatibilityVersion = "Xcode 14.0";
			developmentRegion = en;
			hasScannedForEncodings = 0;
			knownRegions = (
				en,
				Base,
			);
			mainGroup = 5A3DF7DD2C129C8900E09F78;
			productRefGroup = 5A3DF7FB2C129C8B00E09F78 /* Products */;
			projectDirPath = "";
			projectRoot = "";
			targets = (
				5A3DF7F92C129C8B00E09F78 /* BingRewardsExtension (iOS) */,
				5A3DF80B2C129C8B00E09F78 /* BingRewardsExtension (macOS) */,
				5A3DF8172C129C8B00E09F78 /* BingRewardsExtension Extension (iOS) */,
				5A3DF8212C129C8B00E09F78 /* BingRewardsExtension Extension (macOS) */,
			);
		};
/* End PBXProject section */

/* Begin PBXResourcesBuildPhase section */
		5A3DF7F82C129C8B00E09F78 /* Resources */ = {
			isa = PBXResourcesBuildPhase;
			buildActionMask = 2147483647;
			files = (
				5A3DF82B2C129C8B00E09F78 /* Icon.png in Resources */,
				5A3DF8032C129C8B00E09F78 /* Base in Resources */,
				5A3DF8292C129C8B00E09F78 /* Base in Resources */,
				5A3DF82F2C129C8B00E09F78 /* Script.js in Resources */,
				5A3DF8332C129C8B00E09F78 /* Assets.xcassets in Resources */,
				5A3DF8062C129C8B00E09F78 /* Base in Resources */,
				5A3DF82D2C129C8B00E09F78 /* Style.css in Resources */,
			);
			runOnlyForDeploymentPostprocessing = 0;
		};
		5A3DF80A2C129C8B00E09F78 /* Resources */ = {
			isa = PBXResourcesBuildPhase;
			buildActionMask = 2147483647;
			files = (
				5A3DF82C2C129C8B00E09F78 /* Icon.png in Resources */,
				5A3DF82E2C129C8B00E09F78 /* Style.css in Resources */,
				5A3DF8122C129C8B00E09F78 /* Base in Resources */,
				5A3DF8302C129C8B00E09F78 /* Script.js in Resources */,
				5A3DF8342C129C8B00E09F78 /* Assets.xcassets in Resources */,
				5A3DF82A2C129C8B00E09F78 /* Base in Resources */,
			);
			runOnlyForDeploymentPostprocessing = 0;
		};
		5A3DF8162C129C8B00E09F78 /* Resources */ = {
			isa = PBXResourcesBuildPhase;
			buildActionMask = 2147483647;
			files = (
				5A3DF83D2C129C8B00E09F78 /* background.js in Resources */,
				5A3DF8432C129C8B00E09F78 /* popup.css in Resources */,
				5A3DF8412C129C8B00E09F78 /* popup.html in Resources */,
				5A3DF8392C129C8B00E09F78 /* images in Resources */,
				5A3DF83B2C129C8B00E09F78 /* manifest.json in Resources */,
				5A3DF8372C129C8B00E09F78 /* _locales in Resources */,
				5A3DF83F2C129C8B00E09F78 /* content.js in Resources */,
				5A3DF8452C129C8B00E09F78 /* popup.js in Resources */,
			);
			runOnlyForDeploymentPostprocessing = 0;
		};
		5A3DF8202C129C8B00E09F78 /* Resources */ = {
			isa = PBXResourcesBuildPhase;
			buildActionMask = 2147483647;
			files = (
				5A3DF83E2C129C8B00E09F78 /* background.js in Resources */,
				5A3DF8442C129C8B00E09F78 /* popup.css in Resources */,
				5A3DF8422C129C8B00E09F78 /* popup.html in Resources */,
				5A3DF83A2C129C8B00E09F78 /* images in Resources */,
				5A3DF83C2C129C8B00E09F78 /* manifest.json in Resources */,
				5A3DF8382C129C8B00E09F78 /* _locales in Resources */,
				5A3DF8402C129C8B00E09F78 /* content.js in Resources */,
				5A3DF8462C129C8B00E09F78 /* popup.js in Resources */,
			);
			runOnlyForDeploymentPostprocessing = 0;
		};
/* End PBXResourcesBuildPhase section */

/* Begin PBXSourcesBuildPhase section */
		5A3DF7F62C129C8B00E09F78 /* Sources */ = {
			isa = PBXSourcesBuildPhase;
			buildActionMask = 2147483647;
			files = (
				5A3DF8312C129C8B00E09F78 /* ViewController.swift in Sources */,
				5A3DF7FE2C129C8B00E09F78 /* AppDelegate.swift in Sources */,
				5A3DF8002C129C8B00E09F78 /* SceneDelegate.swift in Sources */,
			);
			runOnlyForDeploymentPostprocessing = 0;
		};
		5A3DF8082C129C8B00E09F78 /* Sources */ = {
			isa = PBXSourcesBuildPhase;
			buildActionMask = 2147483647;
			files = (
				5A3DF8322C129C8B00E09F78 /* ViewController.swift in Sources */,
				5A3DF80F2C129C8B00E09F78 /* AppDelegate.swift in Sources */,
			);
			runOnlyForDeploymentPostprocessing = 0;
		};
		5A3DF8142C129C8B00E09F78 /* Sources */ = {
			isa = PBXSourcesBuildPhase;
			buildActionMask = 2147483647;
			files = (
				5A3DF8352C129C8B00E09F78 /* SafariWebExtensionHandler.swift in Sources */,
			);
			runOnlyForDeploymentPostprocessing = 0;
		};
		5A3DF81E2C129C8B00E09F78 /* Sources */ = {
			isa = PBXSourcesBuildPhase;
			buildActionMask = 2147483647;
			files = (
				5A3DF8362C129C8B00E09F78 /* SafariWebExtensionHandler.swift in Sources */,
			);
			runOnlyForDeploymentPostprocessing = 0;
		};
/* End PBXSourcesBuildPhase section */

/* Begin PBXTargetDependency section */
		5A3DF81B2C129C8B00E09F78 /* PBXTargetDependency */ = {
			isa = PBXTargetDependency;
			target = 5A3DF8172C129C8B00E09F78 /* BingRewardsExtension Extension (iOS) */;
			targetProxy = 5A3DF81A2C129C8B00E09F78 /* PBXContainerItemProxy */;
		};
		5A3DF8252C129C8B00E09F78 /* PBXTargetDependency */ = {
			isa = PBXTargetDependency;
			target = 5A3DF8212C129C8B00E09F78 /* BingRewardsExtension Extension (macOS) */;
			targetProxy = 5A3DF8242C129C8B00E09F78 /* PBXContainerItemProxy */;
		};
/* End PBXTargetDependency section */

/* Begin PBXVariantGroup section */
		5A3DF7E42C129C8900E09F78 /* Main.html */ = {
			isa = PBXVariantGroup;
			children = (
				5A3DF7E52C129C8900E09F78 /* Base */,
			);
			name = Main.html;
			sourceTree = "<group>";
		};
		5A3DF8012C129C8B00E09F78 /* LaunchScreen.storyboard */ = {
			isa = PBXVariantGroup;
			children = (
				5A3DF8022C129C8B00E09F78 /* Base */,
			);
			name = LaunchScreen.storyboard;
			sourceTree = "<group>";
		};
		5A3DF8042C129C8B00E09F78 /* Main.storyboard */ = {
			isa = PBXVariantGroup;
			children = (
				5A3DF8052C129C8B00E09F78 /* Base */,
			);
			name = Main.storyboard;
			sourceTree = "<group>";
		};
		5A3DF8102C129C8B00E09F78 /* Main.storyboard */ = {
			isa = PBXVariantGroup;
			children = (
				5A3DF8112C129C8B00E09F78 /* Base */,
			);
			name = Main.storyboard;
			sourceTree = "<group>";
		};
/* End PBXVariantGroup section */

/* Begin XCBuildConfiguration section */
		5A3DF8472C129C8B00E09F78 /* Debug */ = {
			isa = XCBuildConfiguration;
			buildSettings = {
				ALWAYS_SEARCH_USER_PATHS = NO;
				ASSETCATALOG_COMPILER_GENERATE_SWIFT_ASSET_SYMBOL_EXTENSIONS = YES;
				CLANG_ANALYZER_NONNULL = YES;
				CLANG_ANALYZER_NUMBER_OBJECT_CONVERSION = YES_AGGRESSIVE;
				CLANG_CXX_LANGUAGE_STANDARD = "gnu++20";
				CLANG_ENABLE_MODULES = YES;
				CLANG_ENABLE_OBJC_ARC = YES;
				CLANG_ENABLE_OBJC_WEAK = YES;
				CLANG_WARN_BLOCK_CAPTURE_AUTORELEASING = YES;
				CLANG_WARN_BOOL_CONVERSION = YES;
				CLANG_WARN_COMMA = YES;
				CLANG_WARN_CONSTANT_CONVERSION = YES;
				CLANG_WARN_DEPRECATED_OBJC_IMPLEMENTATIONS = YES;
				CLANG_WARN_DIRECT_OBJC_ISA_USAGE = YES_ERROR;
				CLANG_WARN_DOCUMENTATION_COMMENTS = YES;
				CLANG_WARN_EMPTY_BODY = YES;
				CLANG_WARN_ENUM_CONVERSION = YES;
				CLANG_WARN_INFINITE_RECURSION = YES;
				CLANG_WARN_INT_CONVERSION = YES;
				CLANG_WARN_NON_LITERAL_NULL_CONVERSION = YES;
				CLANG_WARN_OBJC_IMPLICIT_RETAIN_SELF = YES;
				CLANG_WARN_OBJC_LITERAL_CONVERSION = YES;
				CLANG_WARN_OBJC_ROOT_CLASS = YES_ERROR;
				CLANG_WARN_QUOTED_INCLUDE_IN_FRAMEWORK_HEADER = YES;
				CLANG_WARN_RANGE_LOOP_ANALYSIS = YES;
				CLANG_WARN_STRICT_PROTOTYPES = YES;
				CLANG_WARN_SUSPICIOUS_MOVE = YES;
				CLANG_WARN_UNGUARDED_AVAILABILITY = YES_AGGRESSIVE;
				CLANG_WARN_UNREACHABLE_CODE = YES;
				CLANG_WARN__DUPLICATE_METHOD_MATCH = YES;
				COPY_PHASE_STRIP = NO;
				DEBUG_INFORMATION_FORMAT = dwarf;
				ENABLE_STRICT_OBJC_MSGSEND = YES;
				ENABLE_TESTABILITY = YES;
				ENABLE_USER_SCRIPT_SANDBOXING = YES;
				GCC_C_LANGUAGE_STANDARD = gnu17;
				GCC_DYNAMIC_NO_PIC = NO;
				GCC_NO_COMMON_BLOCKS = YES;
				GCC_OPTIMIZATION_LEVEL = 0;
				GCC_PREPROCESSOR_DEFINITIONS = (
					"DEBUG=1",
					"$(inherited)",
				);
				GCC_WARN_64_TO_32_BIT_CONVERSION = YES;
				GCC_WARN_ABOUT_RETURN_TYPE = YES_ERROR;
				GCC_WARN_UNDECLARED_SELECTOR = YES;
				GCC_WARN_UNINITIALIZED_AUTOS = YES_AGGRESSIVE;
				GCC_WARN_UNUSED_FUNCTION = YES;
				GCC_WARN_UNUSED_VARIABLE = YES;
				LOCALIZATION_PREFERS_STRING_CATALOGS = YES;
				MTL_ENABLE_DEBUG_INFO = INCLUDE_SOURCE;
				MTL_FAST_MATH = YES;
				ONLY_ACTIVE_ARCH = YES;
				SWIFT_ACTIVE_COMPILATION_CONDITIONS = "DEBUG $(inherited)";
				SWIFT_OPTIMIZATION_LEVEL = "-Onone";
			};
			name = Debug;
		};
		5A3DF8482C129C8B00E09F78 /* Release */ = {
			isa = XCBuildConfiguration;
			buildSettings = {
				ALWAYS_SEARCH_USER_PATHS = NO;
				ASSETCATALOG_COMPILER_GENERATE_SWIFT_ASSET_SYMBOL_EXTENSIONS = YES;
				CLANG_ANALYZER_NONNULL = YES;
				CLANG_ANALYZER_NUMBER_OBJECT_CONVERSION = YES_AGGRESSIVE;
				CLANG_CXX_LANGUAGE_STANDARD = "gnu++20";
				CLANG_ENABLE_MODULES = YES;
				CLANG_ENABLE_OBJC_ARC = YES;
				CLANG_ENABLE_OBJC_WEAK = YES;
				CLANG_WARN_BLOCK_CAPTURE_AUTORELEASING = YES;
				CLANG_WARN_BOOL_CONVERSION = YES;
				CLANG_WARN_COMMA = YES;
				CLANG_WARN_CONSTANT_CONVERSION = YES;
				CLANG_WARN_DEPRECATED_OBJC_IMPLEMENTATIONS = YES;
				CLANG_WARN_DIRECT_OBJC_ISA_USAGE = YES_ERROR;
				CLANG_WARN_DOCUMENTATION_COMMENTS = YES;
				CLANG_WARN_EMPTY_BODY = YES;
				CLANG_WARN_ENUM_CONVERSION = YES;
				CLANG_WARN_INFINITE_RECURSION = YES;
				CLANG_WARN_INT_CONVERSION = YES;
				CLANG_WARN_NON_LITERAL_NULL_CONVERSION = YES;
				CLANG_WARN_OBJC_IMPLICIT_RETAIN_SELF = YES;
				CLANG_WARN_OBJC_LITERAL_CONVERSION = YES;
				CLANG_WARN_OBJC_ROOT_CLASS = YES_ERROR;
				CLANG_WARN_QUOTED_INCLUDE_IN_FRAMEWORK_HEADER = YES;
				CLANG_WARN_RANGE_LOOP_ANALYSIS = YES;
				CLANG_WARN_STRICT_PROTOTYPES = YES;
				CLANG_WARN_SUSPICIOUS_MOVE = YES;
				CLANG_WARN_UNGUARDED_AVAILABILITY = YES_AGGRESSIVE;
				CLANG_WARN_UNREACHABLE_CODE = YES;
				CLANG_WARN__DUPLICATE_METHOD_MATCH = YES;
				COPY_PHASE_STRIP = NO;
				DEBUG_INFORMATION_FORMAT = "dwarf-with-dsym";
				ENABLE_NS_ASSERTIONS = NO;
				ENABLE_STRICT_OBJC_MSGSEND = YES;
				ENABLE_USER_SCRIPT_SANDBOXING = YES;
				GCC_C_LANGUAGE_STANDARD = gnu17;
				GCC_NO_COMMON_BLOCKS = YES;
				GCC_WARN_64_TO_32_BIT_CONVERSION = YES;
				GCC_WARN_ABOUT_RETURN_TYPE = YES_ERROR;
				GCC_WARN_UNDECLARED_SELECTOR = YES;
				GCC_WARN_UNINITIALIZED_AUTOS = YES_AGGRESSIVE;
				GCC_WARN_UNUSED_FUNCTION = YES;
				GCC_WARN_UNUSED_VARIABLE = YES;
				LOCALIZATION_PREFERS_STRING_CATALOGS = YES;
				MTL_ENABLE_DEBUG_INFO = NO;
				MTL_FAST_MATH = YES;
				SWIFT_COMPILATION_MODE = wholemodule;
			};
			name = Release;
		};
		5A3DF84A2C129C8B00E09F78 /* Debug */ = {
			isa = XCBuildConfiguration;
			buildSettings = {
				CODE_SIGN_STYLE = Automatic;
				CURRENT_PROJECT_VERSION = 1;
				GENERATE_INFOPLIST_FILE = YES;
				INFOPLIST_FILE = "iOS (Extension)/Info.plist";
				INFOPLIST_KEY_CFBundleDisplayName = "BingRewardsExtension Extension";
				INFOPLIST_KEY_NSHumanReadableCopyright = "";
				IPHONEOS_DEPLOYMENT_TARGET = 15.0;
				LD_RUNPATH_SEARCH_PATHS = (
					"$(inherited)",
					"@executable_path/Frameworks",
					"@executable_path/../../Frameworks",
				);
				MARKETING_VERSION = 1.0;
				OTHER_LDFLAGS = (
					"-framework",
					SafariServices,
				);
				PRODUCT_BUNDLE_IDENTIFIER = com.morganwang.BingRewardsExtension.Extension;
				PRODUCT_NAME = "BingRewardsExtension Extension";
				SDKROOT = iphoneos;
				SKIP_INSTALL = YES;
				SWIFT_EMIT_LOC_STRINGS = YES;
				SWIFT_VERSION = 5.0;
				TARGETED_DEVICE_FAMILY = "1,2";
			};
			name = Debug;
		};
		5A3DF84B2C129C8B00E09F78 /* Release */ = {
			isa = XCBuildConfiguration;
			buildSettings = {
				CODE_SIGN_STYLE = Automatic;
				CURRENT_PROJECT_VERSION = 1;
				GENERATE_INFOPLIST_FILE = YES;
				INFOPLIST_FILE = "iOS (Extension)/Info.plist";
				INFOPLIST_KEY_CFBundleDisplayName = "BingRewardsExtension Extension";
				INFOPLIST_KEY_NSHumanReadableCopyright = "";
				IPHONEOS_DEPLOYMENT_TARGET = 15.0;
				LD_RUNPATH_SEARCH_PATHS = (
					"$(inherited)",
					"@executable_path/Frameworks",
					"@executable_path/../../Frameworks",
				);
				MARKETING_VERSION = 1.0;
				OTHER_LDFLAGS = (
					"-framework",
					SafariServices,
				);
				PRODUCT_BUNDLE_IDENTIFIER = com.morganwang.BingRewardsExtension.Extension;
				PRODUCT_NAME = "BingRewardsExtension Extension";
				SDKROOT = iphoneos;
				SKIP_INSTALL = YES;
				SWIFT_EMIT_LOC_STRINGS = YES;
				SWIFT_VERSION = 5.0;
				TARGETED_DEVICE_FAMILY = "1,2";
				VALIDATE_PRODUCT = YES;
			};
			name = Release;
		};
		5A3DF84E2C129C8B00E09F78 /* Debug */ = {
			isa = XCBuildConfiguration;
			buildSettings = {
				ALWAYS_EMBED_SWIFT_STANDARD_LIBRARIES = YES;
				ASSETCATALOG_COMPILER_APPICON_NAME = AppIcon;
				ASSETCATALOG_COMPILER_GLOBAL_ACCENT_COLOR_NAME = AccentColor;
				CODE_SIGN_STYLE = Automatic;
				CURRENT_PROJECT_VERSION = 1;
				GENERATE_INFOPLIST_FILE = YES;
				INFOPLIST_FILE = "iOS (App)/Info.plist";
				INFOPLIST_KEY_CFBundleDisplayName = BingRewardsExtension;
				INFOPLIST_KEY_UIApplicationSupportsIndirectInputEvents = YES;
				INFOPLIST_KEY_UILaunchStoryboardName = LaunchScreen;
				INFOPLIST_KEY_UIMainStoryboardFile = Main;
				INFOPLIST_KEY_UISupportedInterfaceOrientations = "UIInterfaceOrientationPortrait UIInterfaceOrientationLandscapeLeft UIInterfaceOrientationLandscapeRight";
				INFOPLIST_KEY_UISupportedInterfaceOrientations_iPad = "UIInterfaceOrientationPortrait UIInterfaceOrientationPortraitUpsideDown UIInterfaceOrientationLandscapeLeft UIInterfaceOrientationLandscapeRight";
				IPHONEOS_DEPLOYMENT_TARGET = 15.0;
				LD_RUNPATH_SEARCH_PATHS = (
					"$(inherited)",
					"@executable_path/Frameworks",
				);
				MARKETING_VERSION = 1.0;
				OTHER_LDFLAGS = (
					"-framework",
					SafariServices,
					"-framework",
					WebKit,
				);
				PRODUCT_BUNDLE_IDENTIFIER = com.morganwang.BingRewardsExtension;
				PRODUCT_NAME = BingRewardsExtension;
				SDKROOT = iphoneos;
				SWIFT_EMIT_LOC_STRINGS = YES;
				SWIFT_VERSION = 5.0;
				TARGETED_DEVICE_FAMILY = "1,2";
			};
			name = Debug;
		};
		5A3DF84F2C129C8B00E09F78 /* Release */ = {
			isa = XCBuildConfiguration;
			buildSettings = {
				ALWAYS_EMBED_SWIFT_STANDARD_LIBRARIES = YES;
				ASSETCATALOG_COMPILER_APPICON_NAME = AppIcon;
				ASSETCATALOG_COMPILER_GLOBAL_ACCENT_COLOR_NAME = AccentColor;
				CODE_SIGN_STYLE = Automatic;
				CURRENT_PROJECT_VERSION = 1;
				GENERATE_INFOPLIST_FILE = YES;
				INFOPLIST_FILE = "iOS (App)/Info.plist";
				INFOPLIST_KEY_CFBundleDisplayName = BingRewardsExtension;
				INFOPLIST_KEY_UIApplicationSupportsIndirectInputEvents = YES;
				INFOPLIST_KEY_UILaunchStoryboardName = LaunchScreen;
				INFOPLIST_KEY_UIMainStoryboardFile = Main;
				INFOPLIST_KEY_UISupportedInterfaceOrientations = "UIInterfaceOrientationPortrait UIInterfaceOrientationLandscapeLeft UIInterfaceOrientationLandscapeRight";
				INFOPLIST_KEY_UISupportedInterfaceOrientations_iPad = "UIInterfaceOrientationPortrait UIInterfaceOrientationPortraitUpsideDown UIInterfaceOrientationLandscapeLeft UIInterfaceOrientationLandscapeRight";
				IPHONEOS_DEPLOYMENT_TARGET = 15.0;
				LD_RUNPATH_SEARCH_PATHS = (
					"$(inherited)",
					"@executable_path/Frameworks",
				);
				MARKETING_VERSION = 1.0;
				OTHER_LDFLAGS = (
					"-framework",
					SafariServices,
					"-framework",
					WebKit,
				);
				PRODUCT_BUNDLE_IDENTIFIER = com.morganwang.BingRewardsExtension;
				PRODUCT_NAME = BingRewardsExtension;
				SDKROOT = iphoneos;
				SWIFT_EMIT_LOC_STRINGS = YES;
				SWIFT_VERSION = 5.0;
				TARGETED_DEVICE_FAMILY = "1,2";
				VALIDATE_PRODUCT = YES;
			};
			name = Release;
		};
		5A3DF8512C129C8B00E09F78 /* Debug */ = {
			isa = XCBuildConfiguration;
			buildSettings = {
				CODE_SIGN_ENTITLEMENTS = "macOS (Extension)/BingRewardsExtension.entitlements";
				CODE_SIGN_STYLE = Automatic;
				CURRENT_PROJECT_VERSION = 1;
				ENABLE_HARDENED_RUNTIME = YES;
				GENERATE_INFOPLIST_FILE = YES;
				INFOPLIST_FILE = "macOS (Extension)/Info.plist";
				INFOPLIST_KEY_CFBundleDisplayName = "BingRewardsExtension Extension";
				INFOPLIST_KEY_NSHumanReadableCopyright = "";
				LD_RUNPATH_SEARCH_PATHS = (
					"$(inherited)",
					"@executable_path/../Frameworks",
					"@executable_path/../../../../Frameworks",
				);
				MACOSX_DEPLOYMENT_TARGET = 10.14;
				MARKETING_VERSION = 1.0;
				OTHER_LDFLAGS = (
					"-framework",
					SafariServices,
				);
				PRODUCT_BUNDLE_IDENTIFIER = com.morganwang.BingRewardsExtension.Extension;
				PRODUCT_NAME = "BingRewardsExtension Extension";
				SDKROOT = macosx;
				SKIP_INSTALL = YES;
				SWIFT_EMIT_LOC_STRINGS = YES;
				SWIFT_VERSION = 5.0;
			};
			name = Debug;
		};
		5A3DF8522C129C8B00E09F78 /* Release */ = {
			isa = XCBuildConfiguration;
			buildSettings = {
				CODE_SIGN_ENTITLEMENTS = "macOS (Extension)/BingRewardsExtension.entitlements";
				CODE_SIGN_STYLE = Automatic;
				CURRENT_PROJECT_VERSION = 1;
				ENABLE_HARDENED_RUNTIME = YES;
				GENERATE_INFOPLIST_FILE = YES;
				INFOPLIST_FILE = "macOS (Extension)/Info.plist";
				INFOPLIST_KEY_CFBundleDisplayName = "BingRewardsExtension Extension";
				INFOPLIST_KEY_NSHumanReadableCopyright = "";
				LD_RUNPATH_SEARCH_PATHS = (
					"$(inherited)",
					"@executable_path/../Frameworks",
					"@executable_path/../../../../Frameworks",
				);
				MACOSX_DEPLOYMENT_TARGET = 10.14;
				MARKETING_VERSION = 1.0;
				OTHER_LDFLAGS = (
					"-framework",
					SafariServices,
				);
				PRODUCT_BUNDLE_IDENTIFIER = com.morganwang.BingRewardsExtension.Extension;
				PRODUCT_NAME = "BingRewardsExtension Extension";
				SDKROOT = macosx;
				SKIP_INSTALL = YES;
				SWIFT_EMIT_LOC_STRINGS = YES;
				SWIFT_VERSION = 5.0;
			};
			name = Release;
		};
		5A3DF8552C129C8B00E09F78 /* Debug */ = {
			isa = XCBuildConfiguration;
			buildSettings = {
				ALWAYS_EMBED_SWIFT_STANDARD_LIBRARIES = YES;
				ASSETCATALOG_COMPILER_APPICON_NAME = AppIcon;
				ASSETCATALOG_COMPILER_GLOBAL_ACCENT_COLOR_NAME = AccentColor;
				CODE_SIGN_ENTITLEMENTS = "macOS (App)/BingRewardsExtension.entitlements";
				CODE_SIGN_STYLE = Automatic;
				CURRENT_PROJECT_VERSION = 1;
				ENABLE_HARDENED_RUNTIME = YES;
				GENERATE_INFOPLIST_FILE = YES;
				INFOPLIST_KEY_CFBundleDisplayName = BingRewardsExtension;
				INFOPLIST_KEY_NSMainStoryboardFile = Main;
				INFOPLIST_KEY_NSPrincipalClass = NSApplication;
				LD_RUNPATH_SEARCH_PATHS = (
					"$(inherited)",
					"@executable_path/../Frameworks",
				);
				MACOSX_DEPLOYMENT_TARGET = 10.14;
				MARKETING_VERSION = 1.0;
				OTHER_LDFLAGS = (
					"-framework",
					SafariServices,
					"-framework",
					WebKit,
				);
				PRODUCT_BUNDLE_IDENTIFIER = com.morganwang.BingRewardsExtension;
				PRODUCT_NAME = BingRewardsExtension;
				SDKROOT = macosx;
				SWIFT_EMIT_LOC_STRINGS = YES;
				SWIFT_VERSION = 5.0;
			};
			name = Debug;
		};
		5A3DF8562C129C8B00E09F78 /* Release */ = {
			isa = XCBuildConfiguration;
			buildSettings = {
				ALWAYS_EMBED_SWIFT_STANDARD_LIBRARIES = YES;
				ASSETCATALOG_COMPILER_APPICON_NAME = AppIcon;
				ASSETCATALOG_COMPILER_GLOBAL_ACCENT_COLOR_NAME = AccentColor;
				CODE_SIGN_ENTITLEMENTS = "macOS (App)/BingRewardsExtension.entitlements";
				CODE_SIGN_STYLE = Automatic;
				CURRENT_PROJECT_VERSION = 1;
				ENABLE_HARDENED_RUNTIME = YES;
				GENERATE_INFOPLIST_FILE = YES;
				INFOPLIST_KEY_CFBundleDisplayName = BingRewardsExtension;
				INFOPLIST_KEY_NSMainStoryboardFile = Main;
				INFOPLIST_KEY_NSPrincipalClass = NSApplication;
				LD_RUNPATH_SEARCH_PATHS = (
					"$(inherited)",
					"@executable_path/../Frameworks",
				);
				MACOSX_DEPLOYMENT_TARGET = 10.14;
				MARKETING_VERSION = 1.0;
				OTHER_LDFLAGS = (
					"-framework",
					SafariServices,
					"-framework",
					WebKit,
				);
				PRODUCT_BUNDLE_IDENTIFIER = com.morganwang.BingRewardsExtension;
				PRODUCT_NAME = BingRewardsExtension;
				SDKROOT = macosx;
				SWIFT_EMIT_LOC_STRINGS = YES;
				SWIFT_VERSION = 5.0;
			};
			name = Release;
		};
/* End XCBuildConfiguration section */

/* Begin XCConfigurationList section */
		5A3DF7E12C129C8900E09F78 /* Build configuration list for PBXProject "BingRewardsExtension" */ = {
			isa = XCConfigurationList;
			buildConfigurations = (
				5A3DF8472C129C8B00E09F78 /* Debug */,
				5A3DF8482C129C8B00E09F78 /* Release */,
			);
			defaultConfigurationIsVisible = 0;
			defaultConfigurationName = Release;
		};
		5A3DF8492C129C8B00E09F78 /* Build configuration list for PBXNativeTarget "BingRewardsExtension Extension (iOS)" */ = {
			isa = XCConfigurationList;
			buildConfigurations = (
				5A3DF84A2C129C8B00E09F78 /* Debug */,
				5A3DF84B2C129C8B00E09F78 /* Release */,
			);
			defaultConfigurationIsVisible = 0;
			defaultConfigurationName = Release;
		};
		5A3DF84D2C129C8B00E09F78 /* Build configuration list for PBXNativeTarget "BingRewardsExtension (iOS)" */ = {
			isa = XCConfigurationList;
			buildConfigurations = (
				5A3DF84E2C129C8B00E09F78 /* Debug */,
				5A3DF84F2C129C8B00E09F78 /* Release */,
			);
			defaultConfigurationIsVisible = 0;
			defaultConfigurationName = Release;
		};
		5A3DF8502C129C8B00E09F78 /* Build configuration list for PBXNativeTarget "BingRewardsExtension Extension (macOS)" */ = {
			isa = XCConfigurationList;
			buildConfigurations = (
				5A3DF8512C129C8B00E09F78 /* Debug */,
				5A3DF8522C129C8B00E09F78 /* Release */,
			);
			defaultConfigurationIsVisible = 0;
			defaultConfigurationName = Release;
		};
		5A3DF8542C129C8B00E09F78 /* Build configuration list for PBXNativeTarget "BingRewardsExtension (macOS)" */ = {
			isa = XCConfigurationList;
			buildConfigurations = (
				5A3DF8552C129C8B00E09F78 /* Debug */,
				5A3DF8562C129C8B00E09F78 /* Release */,
			);
			defaultConfigurationIsVisible = 0;
			defaultConfigurationName = Release;
		};
/* End XCConfigurationList section */
	};
	rootObject = 5A3DF7DE2C129C8900E09F78 /* Project object */;
}
